
Microsoft Visual Studio Solution File, Format Version 12.00
# Visual Studio Version 16
VisualStudioVersion = 16.0.31613.86
MinimumVisualStudioVersion = 10.0.40219.1
Project("{FAE04EC0-301F-11D3-BF4B-00C04F79EFBC}") = "WebAppMachineLearn", "WebAppMachineLearn\WebAppMachineLearn.csproj", "{5F290CAD-E8F4-4297-BF3C-76FD60D41319}"
EndProject
Global
	GlobalSection(SolutionConfigurationPlatforms) = preSolution
		Debug|Any CPU = Debug|Any CPU
		Release|Any CPU = Release|Any CPU
	EndGlobalSection
	GlobalSection(ProjectConfigurationPlatforms) = postSolution
		{5F290CAD-E8F4-4297-BF3C-76FD60D41319}.Debug|Any CPU.ActiveCfg = Debug|Any CPU
		{5F290CAD-E8F4-4297-BF3C-76FD60D41319}.Debug|Any CPU.Build.0 = Debug|Any CPU
		{5F290CAD-E8F4-4297-BF3C-76FD60D41319}.Release|Any CPU.ActiveCfg = Release|Any CPU
		{5F290CAD-E8F4-4297-BF3C-76FD60D41319}.Release|Any CPU.Build.0 = Release|Any CPU
	EndGlobalSection
	GlobalSection(SolutionProperties) = preSolution
		HideSolutionNode = FALSE
	EndGlobalSection
	GlobalSection(ExtensibilityGlobals) = postSolution
		SolutionGuid = {43AA8CEF-157C-48CE-A045-C329155748B5}
	EndGlobalSection
EndGlobal
